// !$*UTF8*$!
{
	archiveVersion = 1;
	classes = {
	};
	objectVersion = 46;
	objects = {

/* Begin PBXBuildFile section */
		882480321BC06CEE00DAA245 /* AppDelegate.swift in Sources */ = {isa = PBXBuildFile; fileRef = 882480311BC06CEE00DAA245 /* AppDelegate.swift */; };
		882480341BC06CEE00DAA245 /* ViewController.swift in Sources */ = {isa = PBXBuildFile; fileRef = 882480331BC06CEE00DAA245 /* ViewController.swift */; };
		882480371BC06CEE00DAA245 /* Main.storyboard in Resources */ = {isa = PBXBuildFile; fileRef = 882480351BC06CEE00DAA245 /* Main.storyboard */; };
		882480391BC06CEE00DAA245 /* Images.xcassets in Resources */ = {isa = PBXBuildFile; fileRef = 882480381BC06CEE00DAA245 /* Images.xcassets */; };
		8824803C1BC06CEE00DAA245 /* LaunchScreen.xib in Resources */ = {isa = PBXBuildFile; fileRef = 8824803A1BC06CEE00DAA245 /* LaunchScreen.xib */; };
		882480481BC06CEE00DAA245 /* Wingman_MAINTests.swift in Sources */ = {isa = PBXBuildFile; fileRef = 882480471BC06CEE00DAA245 /* Wingman_MAINTests.swift */; };
		882480521BC06D8600DAA245 /* SecondViewController.swift in Sources */ = {isa = PBXBuildFile; fileRef = 882480511BC06D8600DAA245 /* SecondViewController.swift */; };
/* End PBXBuildFile section */

/* Begin PBXContainerItemProxy section */
		882480421BC06CEE00DAA245 /* PBXContainerItemProxy */ = {
			isa = PBXContainerItemProxy;
			containerPortal = 882480241BC06CEE00DAA245 /* Project object */;
			proxyType = 1;
			remoteGlobalIDString = 8824802B1BC06CEE00DAA245;
			remoteInfo = Wingman_MAIN;
		};
/* End PBXContainerItemProxy section */

/* Begin PBXFileReference section */
		8824802C1BC06CEE00DAA245 /* Wingman_MAIN.app */ = {isa = PBXFileReference; explicitFileType = wrapper.application; includeInIndex = 0; path = Wingman_MAIN.app; sourceTree = BUILT_PRODUCTS_DIR; };
		882480301BC06CEE00DAA245 /* Info.plist */ = {isa = PBXFileReference; lastKnownFileType = text.plist.xml; path = Info.plist; sourceTree = "<group>"; };
		882480311BC06CEE00DAA245 /* AppDelegate.swift */ = {isa = PBXFileReference; lastKnownFileType = sourcecode.swift; path = AppDelegate.swift; sourceTree = "<group>"; };
		882480331BC06CEE00DAA245 /* ViewController.swift */ = {isa = PBXFileReference; lastKnownFileType = sourcecode.swift; path = ViewController.swift; sourceTree = "<group>"; };
		882480361BC06CEE00DAA245 /* Base */ = {isa = PBXFileReference; lastKnownFileType = file.storyboard; name = Base; path = Base.lproj/Main.storyboard; sourceTree = "<group>"; };
		882480381BC06CEE00DAA245 /* Images.xcassets */ = {isa = PBXFileReference; lastKnownFileType = folder.assetcatalog; path = Images.xcassets; sourceTree = "<group>"; };
		8824803B1BC06CEE00DAA245 /* Base */ = {isa = PBXFileReference; lastKnownFileType = file.xib; name = Base; path = Base.lproj/LaunchScreen.xib; sourceTree = "<group>"; };
		882480411BC06CEE00DAA245 /* Wingman_MAINTests.xctest */ = {isa = PBXFileReference; explicitFileType = wrapper.cfbundle; includeInIndex = 0; path = Wingman_MAINTests.xctest; sourceTree = BUILT_PRODUCTS_DIR; };
		882480461BC06CEE00DAA245 /* Info.plist */ = {isa = PBXFileReference; lastKnownFileType = text.plist.xml; path = Info.plist; sourceTree = "<group>"; };
		882480471BC06CEE00DAA245 /* Wingman_MAINTests.swift */ = {isa = PBXFileReference; lastKnownFileType = sourcecode.swift; path = Wingman_MAINTests.swift; sourceTree = "<group>"; };
		882480511BC06D8600DAA245 /* SecondViewController.swift */ = {isa = PBXFileReference; fileEncoding = 4; lastKnownFileType = sourcecode.swift; path = SecondViewController.swift; sourceTree = "<group>"; };
/* End PBXFileReference section */

/* Begin PBXFrameworksBuildPhase section */
		882480291BC06CEE00DAA245 /* Frameworks */ = {
			isa = PBXFrameworksBuildPhase;
			buildActionMask = 2147483647;
			files = (
			);
			runOnlyForDeploymentPostprocessing = 0;
		};
		8824803E1BC06CEE00DAA245 /* Frameworks */ = {
			isa = PBXFrameworksBuildPhase;
			buildActionMask = 2147483647;
			files = (
			);
			runOnlyForDeploymentPostprocessing = 0;
		};
/* End PBXFrameworksBuildPhase section */

/* Begin PBXGroup section */
		882480231BC06CEE00DAA245 = {
			isa = PBXGroup;
			children = (
				8824802E1BC06CEE00DAA245 /* Wingman_MAIN */,
				882480441BC06CEE00DAA245 /* Wingman_MAINTests */,
				8824802D1BC06CEE00DAA245 /* Products */,
			);
			sourceTree = "<group>";
		};
		8824802D1BC06CEE00DAA245 /* Products */ = {
			isa = PBXGroup;
			children = (
				8824802C1BC06CEE00DAA245 /* Wingman_MAIN.app */,
				882480411BC06CEE00DAA245 /* Wingman_MAINTests.xctest */,
			);
			name = Products;
			sourceTree = "<group>";
		};
		8824802E1BC06CEE00DAA245 /* Wingman_MAIN */ = {
			isa = PBXGroup;
			children = (
				882480331BC06CEE00DAA245 /* ViewController.swift */,
				882480351BC06CEE00DAA245 /* Main.storyboard */,
				882480511BC06D8600DAA245 /* SecondViewController.swift */,
				8824803A1BC06CEE00DAA245 /* LaunchScreen.xib */,
				882480381BC06CEE00DAA245 /* Images.xcassets */,
				8824802F1BC06CEE00DAA245 /* Supporting Files */,
			);
			path = Wingman_MAIN;
			sourceTree = "<group>";
		};
		8824802F1BC06CEE00DAA245 /* Supporting Files */ = {
			isa = PBXGroup;
			children = (
				882480311BC06CEE00DAA245 /* AppDelegate.swift */,
				882480301BC06CEE00DAA245 /* Info.plist */,
			);
			name = "Supporting Files";
			sourceTree = "<group>";
		};
		882480441BC06CEE00DAA245 /* Wingman_MAINTests */ = {
			isa = PBXGroup;
			children = (
				882480471BC06CEE00DAA245 /* Wingman_MAINTests.swift */,
				882480451BC06CEE00DAA245 /* Supporting Files */,
			);
			path = Wingman_MAINTests;
			sourceTree = "<group>";
		};
		882480451BC06CEE00DAA245 /* Supporting Files */ = {
			isa = PBXGroup;
			children = (
				882480461BC06CEE00DAA245 /* Info.plist */,
			);
			name = "Supporting Files";
			sourceTree = "<group>";
		};
/* End PBXGroup section */

/* Begin PBXNativeTarget section */
		8824802B1BC06CEE00DAA245 /* Wingman_MAIN */ = {
			isa = PBXNativeTarget;
			buildConfigurationList = 8824804B1BC06CEE00DAA245 /* Build configuration list for PBXNativeTarget "Wingman_MAIN" */;
			buildPhases = (
				882480281BC06CEE00DAA245 /* Sources */,
				882480291BC06CEE00DAA245 /* Frameworks */,
				8824802A1BC06CEE00DAA245 /* Resources */,
			);
			buildRules = (
			);
			dependencies = (
			);
			name = Wingman_MAIN;
			productName = Wingman_MAIN;
			productReference = 8824802C1BC06CEE00DAA245 /* Wingman_MAIN.app */;
			productType = "com.apple.product-type.application";
		};
		882480401BC06CEE00DAA245 /* Wingman_MAINTests */ = {
			isa = PBXNativeTarget;
			buildConfigurationList = 8824804E1BC06CEE00DAA245 /* Build configuration list for PBXNativeTarget "Wingman_MAINTests" */;
			buildPhases = (
				8824803D1BC06CEE00DAA245 /* Sources */,
				8824803E1BC06CEE00DAA245 /* Frameworks */,
				8824803F1BC06CEE00DAA245 /* Resources */,
			);
			buildRules = (
			);
			dependencies = (
				882480431BC06CEE00DAA245 /* PBXTargetDependency */,
			);
			name = Wingman_MAINTests;
			productName = Wingman_MAINTests;
			productReference = 882480411BC06CEE00DAA245 /* Wingman_MAINTests.xctest */;
			productType = "com.apple.product-type.bundle.unit-test";
		};
/* End PBXNativeTarget section */

/* Begin PBXProject section */
		882480241BC06CEE00DAA245 /* Project object */ = {
			isa = PBXProject;
			attributes = {
				LastUpgradeCheck = 0640;
				ORGANIZATIONNAME = "Michael Jannain";
				TargetAttributes = {
					8824802B1BC06CEE00DAA245 = {
						CreatedOnToolsVersion = 6.4;
					};
					882480401BC06CEE00DAA245 = {
						CreatedOnToolsVersion = 6.4;
						TestTargetID = 8824802B1BC06CEE00DAA245;
					};
				};
			};
			buildConfigurationList = 882480271BC06CEE00DAA245 /* Build configuration list for PBXProject "Wingman_MAIN" */;
			compatibilityVersion = "Xcode 3.2";
			developmentRegion = English;
			hasScannedForEncodings = 0;
			knownRegions = (
				en,
				Base,
			);
			mainGroup = 882480231BC06CEE00DAA245;
			productRefGroup = 8824802D1BC06CEE00DAA245 /* Products */;
			projectDirPath = "";
			projectRoot = "";
			targets = (
				8824802B1BC06CEE00DAA245 /* Wingman_MAIN */,
				882480401BC06CEE00DAA245 /* Wingman_MAINTests */,
			);
		};
/* End PBXProject section */

/* Begin PBXResourcesBuildPhase section */
		8824802A1BC06CEE00DAA245 /* Resources */ = {
			isa = PBXResourcesBuildPhase;
			buildActionMask = 2147483647;
			files = (
				882480371BC06CEE00DAA245 /* Main.storyboard in Resources */,
				8824803C1BC06CEE00DAA245 /* LaunchScreen.xib in Resources */,
				882480391BC06CEE00DAA245 /* Images.xcassets in Resources */,
			);
			runOnlyForDeploymentPostprocessing = 0;
		};
		8824803F1BC06CEE00DAA245 /* Resources */ = {
			isa = PBXResourcesBuildPhase;
			buildActionMask = 2147483647;
			files = (
			);
			runOnlyForDeploymentPostprocessing = 0;
		};
/* End PBXResourcesBuildPhase section */

/* Begin PBXSourcesBuildPhase section */
		882480281BC06CEE00DAA245 /* Sources */ = {
			isa = PBXSourcesBuildPhase;
			buildActionMask = 2147483647;
			files = (
				882480521BC06D8600DAA245 /* SecondViewController.swift in Sources */,
				882480341BC06CEE00DAA245 /* ViewController.swift in Sources */,
				882480321BC06CEE00DAA245 /* AppDelegate.swift in Sources */,
			);
			runOnlyForDeploymentPostprocessing = 0;
		};
		8824803D1BC06CEE00DAA245 /* Sources */ = {
			isa = PBXSourcesBuildPhase;
			buildActionMask = 2147483647;
			files = (
				882480481BC06CEE00DAA245 /* Wingman_MAINTests.swift in Sources */,
			);
			runOnlyForDeploymentPostprocessing = 0;
		};
/* End PBXSourcesBuildPhase section */

/* Begin PBXTargetDependency section */
		882480431BC06CEE00DAA245 /* PBXTargetDependency */ = {
			isa = PBXTargetDependency;
			target = 8824802B1BC06CEE00DAA245 /* Wingman_MAIN */;
			targetProxy = 882480421BC06CEE00DAA245 /* PBXContainerItemProxy */;
		};
/* End PBXTargetDependency section */

/* Begin PBXVariantGroup section */
		882480351BC06CEE00DAA245 /* Main.storyboard */ = {
			isa = PBXVariantGroup;
			children = (
				882480361BC06CEE00DAA245 /* Base */,
			);
			name = Main.storyboard;
			sourceTree = "<group>";
		};
		8824803A1BC06CEE00DAA245 /* LaunchScreen.xib */ = {
			isa = PBXVariantGroup;
			children = (
				8824803B1BC06CEE00DAA245 /* Base */,
			);
			name = LaunchScreen.xib;
			sourceTree = "<group>";
		};
/* End PBXVariantGroup section */

/* Begin XCBuildConfiguration section */
		882480491BC06CEE00DAA245 /* Debug */ = {
			isa = XCBuildConfiguration;
			buildSettings = {
				ALWAYS_SEARCH_USER_PATHS = NO;
				CLANG_CXX_LANGUAGE_STANDARD = "gnu++0x";
				CLANG_CXX_LIBRARY = "libc++";
				CLANG_ENABLE_MODULES = YES;
				CLANG_ENABLE_OBJC_ARC = YES;
				CLANG_WARN_BOOL_CONVERSION = YES;
				CLANG_WARN_CONSTANT_CONVERSION = YES;
				CLANG_WARN_DIRECT_OBJC_ISA_USAGE = YES_ERROR;
				CLANG_WARN_EMPTY_BODY = YES;
				CLANG_WARN_ENUM_CONVERSION = YES;
				CLANG_WARN_INT_CONVERSION = YES;
				CLANG_WARN_OBJC_ROOT_CLASS = YES_ERROR;
				CLANG_WARN_UNREACHABLE_CODE = YES;
				CLANG_WARN__DUPLICATE_METHOD_MATCH = YES;
				"CODE_SIGN_IDENTITY[sdk=iphoneos*]" = "iPhone Developer";
				COPY_PHASE_STRIP = NO;
				DEBUG_INFORMATION_FORMAT = "dwarf-with-dsym";
				ENABLE_STRICT_OBJC_MSGSEND = YES;
				GCC_C_LANGUAGE_STANDARD = gnu99;
				GCC_DYNAMIC_NO_PIC = NO;
				GCC_NO_COMMON_BLOCKS = YES;
				GCC_OPTIMIZATION_LEVEL = 0;
				GCC_PREPROCESSOR_DEFINITIONS = (
					"DEBUG=1",
					"$(inherited)",
				);
				GCC_SYMBOLS_PRIVATE_EXTERN = NO;
				GCC_WARN_64_TO_32_BIT_CONVERSION = YES;
				GCC_WARN_ABOUT_RETURN_TYPE = YES_ERROR;
				GCC_WARN_UNDECLARED_SELECTOR = YES;
				GCC_WARN_UNINITIALIZED_AUTOS = YES_AGGRESSIVE;
				GCC_WARN_UNUSED_FUNCTION = YES;
				GCC_WARN_UNUSED_VARIABLE = YES;
				IPHONEOS_DEPLOYMENT_TARGET = 8.4;
				MTL_ENABLE_DEBUG_INFO = YES;
				ONLY_ACTIVE_ARCH = YES;
				SDKROOT = iphoneos;
				SWIFT_OPTIMIZATION_LEVEL = "-Onone";
				TARGETED_DEVICE_FAMILY = "1,2";
			};
			name = Debug;
		};
		8824804A1BC06CEE00DAA245 /* Release */ = {
			isa = XCBuildConfiguration;
			buildSettings = {
				ALWAYS_SEARCH_USER_PATHS = NO;
				CLANG_CXX_LANGUAGE_STANDARD = "gnu++0x";
				CLANG_CXX_LIBRARY = "libc++";
				CLANG_ENABLE_MODULES = YES;
				CLANG_ENABLE_OBJC_ARC = YES;
				CLANG_WARN_BOOL_CONVERSION = YES;
				CLANG_WARN_CONSTANT_CONVERSION = YES;
				CLANG_WARN_DIRECT_OBJC_ISA_USAGE = YES_ERROR;
				CLANG_WARN_EMPTY_BODY = YES;
				CLANG_WARN_ENUM_CONVERSION = YES;
				CLANG_WARN_INT_CONVERSION = YES;
				CLANG_WARN_OBJC_ROOT_CLASS = YES_ERROR;
				CLANG_WARN_UNREACHABLE_CODE = YES;
				CLANG_WARN__DUPLICATE_METHOD_MATCH = YES;
				"CODE_SIGN_IDENTITY[sdk=iphoneos*]" = "iPhone Developer";
				COPY_PHASE_STRIP = NO;
				DEBUG_INFORMATION_FORMAT = "dwarf-with-dsym";
				ENABLE_NS_ASSERTIONS = NO;
				ENABLE_STRICT_OBJC_MSGSEND = YES;
				GCC_C_LANGUAGE_STANDARD = gnu99;
				GCC_NO_COMMON_BLOCKS = YES;
				GCC_WARN_64_TO_32_BIT_CONVERSION = YES;
				GCC_WARN_ABOUT_RETURN_TYPE = YES_ERROR;
				GCC_WARN_UNDECLARED_SELECTOR = YES;
				GCC_WARN_UNINITIALIZED_AUTOS = YES_AGGRESSIVE;
				GCC_WARN_UNUSED_FUNCTION = YES;
				GCC_WARN_UNUSED_VARIABLE = YES;
				IPHONEOS_DEPLOYMENT_TARGET = 8.4;
				MTL_ENABLE_DEBUG_INFO = NO;
				SDKROOT = iphoneos;
				TARGETED_DEVICE_FAMILY = "1,2";
				VALIDATE_PRODUCT = YES;
			};
			name = Release;
		};
		8824804C1BC06CEE00DAA245 /* Debug */ = {
			isa = XCBuildConfiguration;
			buildSettings = {
				ASSETCATALOG_COMPILER_APPICON_NAME = AppIcon;
				INFOPLIST_FILE = Wingman_MAIN/Info.plist;
				LD_RUNPATH_SEARCH_PATHS = "$(inherited) @executable_path/Frameworks";
				PRODUCT_NAME = "$(TARGET_NAME)";
			};
			name = Debug;
		};
		8824804D1BC06CEE00DAA245 /* Release */ = {
			isa = XCBuildConfiguration;
			buildSettings = {
				ASSETCATALOG_COMPILER_APPICON_NAME = AppIcon;
				INFOPLIST_FILE = Wingman_MAIN/Info.plist;
				LD_RUNPATH_SEARCH_PATHS = "$(inherited) @executable_path/Frameworks";
				PRODUCT_NAME = "$(TARGET_NAME)";
			};
			name = Release;
		};
		8824804F1BC06CEE00DAA245 /* Debug */ = {
			isa = XCBuildConfiguration;
			buildSettings = {
				BUNDLE_LOADER = "$(TEST_HOST)";
				FRAMEWORK_SEARCH_PATHS = (
					"$(SDKROOT)/Developer/Library/Frameworks",
					"$(inherited)",
				);
				GCC_PREPROCESSOR_DEFINITIONS = (
					"DEBUG=1",
					"$(inherited)",
				);
				INFOPLIST_FILE = Wingman_MAINTests/Info.plist;
				LD_RUNPATH_SEARCH_PATHS = "$(inherited) @executable_path/Frameworks @loader_path/Frameworks";
				PRODUCT_NAME = "$(TARGET_NAME)";
				TEST_HOST = "$(BUILT_PRODUCTS_DIR)/Wingman_MAIN.app/Wingman_MAIN";
			};
			name = Debug;
		};
		882480501BC06CEE00DAA245 /* Release */ = {
			isa = XCBuildConfiguration;
			buildSettings = {
				BUNDLE_LOADER = "$(TEST_HOST)";
				FRAMEWORK_SEARCH_PATHS = (
					"$(SDKROOT)/Developer/Library/Frameworks",
					"$(inherited)",
				);
				INFOPLIST_FILE = Wingman_MAINTests/Info.plist;
				LD_RUNPATH_SEARCH_PATHS = "$(inherited) @executable_path/Frameworks @loader_path/Frameworks";
				PRODUCT_NAME = "$(TARGET_NAME)";
				TEST_HOST = "$(BUILT_PRODUCTS_DIR)/Wingman_MAIN.app/Wingman_MAIN";
			};
			name = Release;
		};
/* End XCBuildConfiguration section */

/* Begin XCConfigurationList section */
		882480271BC06CEE00DAA245 /* Build configuration list for PBXProject "Wingman_MAIN" */ = {
			isa = XCConfigurationList;
			buildConfigurations = (
				882480491BC06CEE00DAA245 /* Debug */,
				8824804A1BC06CEE00DAA245 /* Release */,
			);
			defaultConfigurationIsVisible = 0;
			defaultConfigurationName = Release;
		};
		8824804B1BC06CEE00DAA245 /* Build configuration list for PBXNativeTarget "Wingman_MAIN" */ = {
			isa = XCConfigurationList;
			buildConfigurations = (
				8824804C1BC06CEE00DAA245 /* Debug */,
				8824804D1BC06CEE00DAA245 /* Release */,
			);
			defaultConfigurationIsVisible = 0;
		};
		8824804E1BC06CEE00DAA245 /* Build configuration list for PBXNativeTarget "Wingman_MAINTests" */ = {
			isa = XCConfigurationList;
			buildConfigurations = (
				8824804F1BC06CEE00DAA245 /* Debug */,
				882480501BC06CEE00DAA245 /* Release */,
			);
			defaultConfigurationIsVisible = 0;
		};
/* End XCConfigurationList section */
	};
	rootObject = 882480241BC06CEE00DAA245 /* Project object */;
}
